# This file is generated by running "yarn install" inside your project.
# Manual changes might be lost - proceed with caution!

__metadata:
  version: 8
  cacheKey: 10c0

"@discordjs/builders@npm:^1.7.0":
  version: 1.7.0
  resolution: "@discordjs/builders@npm:1.7.0"
  dependencies:
    "@discordjs/formatters": "npm:^0.3.3"
    "@discordjs/util": "npm:^1.0.2"
    "@sapphire/shapeshift": "npm:^3.9.3"
    discord-api-types: "npm:0.37.61"
    fast-deep-equal: "npm:^3.1.3"
    ts-mixer: "npm:^6.0.3"
    tslib: "npm:^2.6.2"
  checksum: 10c0/6d2264e68fb4396daded4d33a555d0a1fb71b2e7ad8dd28e8d668391204abd889abfe90e8118b940825ebc9765164616248a551e110953a46dc4696054946f8c
  languageName: node
  linkType: hard

"@discordjs/collection@npm:1.5.3":
  version: 1.5.3
  resolution: "@discordjs/collection@npm:1.5.3"
  checksum: 10c0/54338e005e9a1c6a5c91464cbcc378a5bf74410ad5b8bba1961b80d0ec8f1eb1b768ea737ad03bcb62430ea84aa5561523318b739538b334115ed775630ca42c
  languageName: node
  linkType: hard

"@discordjs/collection@npm:^2.0.0":
  version: 2.0.0
  resolution: "@discordjs/collection@npm:2.0.0"
  checksum: 10c0/5cc29341935af3705e909f71f30f1514ef491c2afb4411f5972ccffa9584f10d6d1dc3463354b2af00e7c0bdf874032a7b81740bb5affe0f2eedf7eef65080cd
  languageName: node
  linkType: hard

"@discordjs/formatters@npm:^0.3.3":
  version: 0.3.3
  resolution: "@discordjs/formatters@npm:0.3.3"
  dependencies:
    discord-api-types: "npm:0.37.61"
  checksum: 10c0/1833c2e20b87aa6ae03202502a64d5ae235ee6a25feb41786bb86b7414fac7c59e518f99f2a60b15ad713165c91e16f17b3e8024898d6a3cd3df9f3e94488cd1
  languageName: node
  linkType: hard

"@discordjs/rest@npm:^2.1.0":
  version: 2.2.0
  resolution: "@discordjs/rest@npm:2.2.0"
  dependencies:
    "@discordjs/collection": "npm:^2.0.0"
    "@discordjs/util": "npm:^1.0.2"
    "@sapphire/async-queue": "npm:^1.5.0"
    "@sapphire/snowflake": "npm:^3.5.1"
    "@vladfrangu/async_event_emitter": "npm:^2.2.2"
    discord-api-types: "npm:0.37.61"
    magic-bytes.js: "npm:^1.5.0"
    tslib: "npm:^2.6.2"
    undici: "npm:5.27.2"
  checksum: 10c0/ceaa9f6912a88c644ab177bc3f90944b7f168bbd905253a8654125f5290f81281e355ddccfc986d060d002112a5db3039c19a42c9900636afb184975fa033cf7
  languageName: node
  linkType: hard

"@discordjs/util@npm:^1.0.2":
  version: 1.0.2
  resolution: "@discordjs/util@npm:1.0.2"
  checksum: 10c0/2fbf790dc2ac9e65f53dafe814714630c094a6fad2ee7e12ebd6160aa2a3c17e0d5600454e857801adfd04db7aee3133f85aadc6eb7daa8d9bf783d5d8b551aa
  languageName: node
  linkType: hard

"@discordjs/ws@npm:^1.0.2":
  version: 1.0.2
  resolution: "@discordjs/ws@npm:1.0.2"
  dependencies:
    "@discordjs/collection": "npm:^2.0.0"
    "@discordjs/rest": "npm:^2.1.0"
    "@discordjs/util": "npm:^1.0.2"
    "@sapphire/async-queue": "npm:^1.5.0"
    "@types/ws": "npm:^8.5.9"
    "@vladfrangu/async_event_emitter": "npm:^2.2.2"
    discord-api-types: "npm:0.37.61"
    tslib: "npm:^2.6.2"
    ws: "npm:^8.14.2"
  checksum: 10c0/84b6d5678c82048bbaa3c6dd8abe5be6ef8a2ce6c4e31b086e06f4855c627267114895ef20b9bfba9bde71ca0b6a879f2079bf566e5f1bd725fd63c83732f843
  languageName: node
  linkType: hard

"@fastify/busboy@npm:^2.0.0":
  version: 2.1.1
  resolution: "@fastify/busboy@npm:2.1.1"
  checksum: 10c0/6f8027a8cba7f8f7b736718b013f5a38c0476eea67034c94a0d3c375e2b114366ad4419e6a6fa7ffc2ef9c6d3e0435d76dd584a7a1cbac23962fda7650b579e3
  languageName: node
  linkType: hard

"@napi-rs/canvas-android-arm64@npm:0.1.51":
  version: 0.1.51
  resolution: "@napi-rs/canvas-android-arm64@npm:0.1.51"
  conditions: os=android & cpu=arm64
  languageName: node
  linkType: hard

"@napi-rs/canvas-darwin-arm64@npm:0.1.51":
  version: 0.1.51
  resolution: "@napi-rs/canvas-darwin-arm64@npm:0.1.51"
  conditions: os=darwin & cpu=arm64
  languageName: node
  linkType: hard

"@napi-rs/canvas-darwin-x64@npm:0.1.51":
  version: 0.1.51
  resolution: "@napi-rs/canvas-darwin-x64@npm:0.1.51"
  conditions: os=darwin & cpu=x64
  languageName: node
  linkType: hard

"@napi-rs/canvas-linux-arm-gnueabihf@npm:0.1.51":
  version: 0.1.51
  resolution: "@napi-rs/canvas-linux-arm-gnueabihf@npm:0.1.51"
  conditions: os=linux & cpu=arm
  languageName: node
  linkType: hard

"@napi-rs/canvas-linux-arm64-gnu@npm:0.1.51":
  version: 0.1.51
  resolution: "@napi-rs/canvas-linux-arm64-gnu@npm:0.1.51"
  conditions: os=linux & cpu=arm64 & libc=glibc
  languageName: node
  linkType: hard

"@napi-rs/canvas-linux-arm64-musl@npm:0.1.51":
  version: 0.1.51
  resolution: "@napi-rs/canvas-linux-arm64-musl@npm:0.1.51"
  conditions: os=linux & cpu=arm64 & libc=musl
  languageName: node
  linkType: hard

"@napi-rs/canvas-linux-x64-gnu@npm:0.1.51":
  version: 0.1.51
  resolution: "@napi-rs/canvas-linux-x64-gnu@npm:0.1.51"
  conditions: os=linux & cpu=x64 & libc=glibc
  languageName: node
  linkType: hard

"@napi-rs/canvas-linux-x64-musl@npm:0.1.51":
  version: 0.1.51
  resolution: "@napi-rs/canvas-linux-x64-musl@npm:0.1.51"
  conditions: os=linux & cpu=x64 & libc=musl
  languageName: node
  linkType: hard

"@napi-rs/canvas-win32-x64-msvc@npm:0.1.51":
  version: 0.1.51
  resolution: "@napi-rs/canvas-win32-x64-msvc@npm:0.1.51"
  conditions: os=win32 & cpu=x64
  languageName: node
  linkType: hard

"@napi-rs/canvas@npm:^0.1.29":
  version: 0.1.51
  resolution: "@napi-rs/canvas@npm:0.1.51"
  dependencies:
    "@napi-rs/canvas-android-arm64": "npm:0.1.51"
    "@napi-rs/canvas-darwin-arm64": "npm:0.1.51"
    "@napi-rs/canvas-darwin-x64": "npm:0.1.51"
    "@napi-rs/canvas-linux-arm-gnueabihf": "npm:0.1.51"
    "@napi-rs/canvas-linux-arm64-gnu": "npm:0.1.51"
    "@napi-rs/canvas-linux-arm64-musl": "npm:0.1.51"
    "@napi-rs/canvas-linux-x64-gnu": "npm:0.1.51"
    "@napi-rs/canvas-linux-x64-musl": "npm:0.1.51"
    "@napi-rs/canvas-win32-x64-msvc": "npm:0.1.51"
  dependenciesMeta:
    "@napi-rs/canvas-android-arm64":
      optional: true
    "@napi-rs/canvas-darwin-arm64":
      optional: true
    "@napi-rs/canvas-darwin-x64":
      optional: true
    "@napi-rs/canvas-linux-arm-gnueabihf":
      optional: true
    "@napi-rs/canvas-linux-arm64-gnu":
      optional: true
    "@napi-rs/canvas-linux-arm64-musl":
      optional: true
    "@napi-rs/canvas-linux-x64-gnu":
      optional: true
    "@napi-rs/canvas-linux-x64-musl":
      optional: true
    "@napi-rs/canvas-win32-x64-msvc":
      optional: true
  checksum: 10c0/3d9328402cc47f20079f09e60242b8a19dc09af7367353b6921358deebdb36ee6ebc03b9dd8e0c9b6aa3156bf9104aa997b477ec0cb6a4672c962b1db7032ef8
  languageName: node
  linkType: hard

"@prisma/client@npm:5.2.0":
  version: 5.2.0
  resolution: "@prisma/client@npm:5.2.0"
  dependencies:
    "@prisma/engines-version": "npm:5.2.0-25.2804dc98259d2ea960602aca6b8e7fdc03c1758f"
  peerDependencies:
    prisma: "*"
  peerDependenciesMeta:
    prisma:
      optional: true
  checksum: 10c0/2b6a6db72c1f17eaff4217e2f98e5d9e179755e57d2b92dbe8c5040fa88529ebf9f9cac03b367589577fbbb3bcbac9d53c07b3a35b2acc47210697a747d01a7f
  languageName: node
  linkType: hard

"@prisma/engines-version@npm:5.2.0-25.2804dc98259d2ea960602aca6b8e7fdc03c1758f":
  version: 5.2.0-25.2804dc98259d2ea960602aca6b8e7fdc03c1758f
  resolution: "@prisma/engines-version@npm:5.2.0-25.2804dc98259d2ea960602aca6b8e7fdc03c1758f"
  checksum: 10c0/4b941762ccce9234bb4bf00e77c09252dcf2362779fc40fe3c9f1415a36616c85ffb4345ea0e4684d4faa0274b564a4f5728c3368cb45a4f5820fbfcbf2b4474
  languageName: node
  linkType: hard

"@prisma/engines@npm:5.2.0":
  version: 5.2.0
  resolution: "@prisma/engines@npm:5.2.0"
  checksum: 10c0/6140199d7588a58bb8ea0cd954b0c56fc2e649b420f41f4fe1b2771b20134edacf4a4870629716e9b66257a0cf8d90cd5c2871ed3a7c6453d8827cffcfdf946b
  languageName: node
  linkType: hard

"@sapphire/async-queue@npm:^1.5.0":
  version: 1.5.2
  resolution: "@sapphire/async-queue@npm:1.5.2"
  checksum: 10c0/e588a70efe7993a85e3e81103f3f9c3c2c12dd6f3ab2a0f0b763fa412a99780db7a9e1560f188c77945e5e561a40be53120f49b5d83dfa88dd2cf02955e46647
  languageName: node
  linkType: hard

"@sapphire/lexure@npm:^1.1.7":
  version: 1.1.7
  resolution: "@sapphire/lexure@npm:1.1.7"
  dependencies:
    "@sapphire/result": "npm:^2.6.6"
  checksum: 10c0/0479858952e01f1bc682405e26cce1c74b569c755dd97e1988a5b29c07c29d3694a71f953c6ec9e2075556114233908b20436e378c1f59998ffa1b41cb82570b
  languageName: node
  linkType: hard

"@sapphire/result@npm:^2.6.6":
  version: 2.6.6
  resolution: "@sapphire/result@npm:2.6.6"
  checksum: 10c0/022d5f4d6b084f6ef7384453773d74116c00bbdbc7eeeed85b4b205a765ac158c2fad7fc8ecaabc19976cc40f01a54de1822f0b3f486ad27e134177ed8eb878a
  languageName: node
  linkType: hard

"@sapphire/shapeshift@npm:^3.9.3":
  version: 3.9.7
  resolution: "@sapphire/shapeshift@npm:3.9.7"
  dependencies:
    fast-deep-equal: "npm:^3.1.3"
    lodash: "npm:^4.17.21"
  checksum: 10c0/29883d4c1986714fd4b2a7e4a58bf30a4598a02bbe031605dd99b766310a98889e2ae6f16bf37f43d91cf5960733dc1a619bfdaa85a96bc0ff9cc5ce57b8e689
  languageName: node
  linkType: hard

"@sapphire/snowflake@npm:3.5.1":
  version: 3.5.1
  resolution: "@sapphire/snowflake@npm:3.5.1"
  checksum: 10c0/f0e7729dcb50b6c3c2b949cecd7818a7ba0cc59adbcede7d40322ff6e576866e8ea76ce0e2dc89f8445836f5d80af8d2c7bebc2c0352624455abfa03834416f6
  languageName: node
  linkType: hard

"@sapphire/snowflake@npm:^3.5.1":
  version: 3.5.3
  resolution: "@sapphire/snowflake@npm:3.5.3"
  checksum: 10c0/361b6a3e16eea4eb48b2608005ce397d4163065ccd84077059a0f609b97fb9cc52a173d7a64bbfce6f5d1e77be0f9704fd72ef64683a3dc7e455e9b4a1c90db1
  languageName: node
  linkType: hard

"@sern/handler@npm:^3.0.3":
  version: 3.3.4
  resolution: "@sern/handler@npm:3.3.4"
  dependencies:
    callsites: "npm:^3.1.0"
    iti: "npm:^0.6.0"
    rxjs: "npm:^7.8.0"
    ts-results-es: "npm:^4.0.0"
  checksum: 10c0/46b944616dcaf7feccf7899e2ae62d94730efab71dfffd6ab3bb157da5b12ee6a30e837670d131b5b4ca55268415a390e362836976ff033039e9c64d8ae4165d
  languageName: node
  linkType: hard

"@skyra/gifenc@npm:^1.0.0":
  version: 1.0.1
  resolution: "@skyra/gifenc@npm:1.0.1"
  dependencies:
    tslib: "npm:^2.4.0"
  checksum: 10c0/d519fa3193aa911855361c239a662e80f164979410063ef8db4985fcea9c49bc342a276800a89247d5d637703857cf104393cea1b96f8c481ea38a6d86895022
  languageName: node
  linkType: hard

"@types/node@npm:*":
  version: 20.12.2
  resolution: "@types/node@npm:20.12.2"
  dependencies:
    undici-types: "npm:~5.26.4"
  checksum: 10c0/bb47d115a8f95aadebdd6403fee16d149d6b5568ad53bacc42df34c2d572561e36ba47b05f7f68bada43752d7369b470a90df65b646af7502dfb799a21b4fca7
  languageName: node
  linkType: hard

"@types/node@npm:^17.0.25":
  version: 17.0.45
  resolution: "@types/node@npm:17.0.45"
  checksum: 10c0/0db377133d709b33a47892581a21a41cd7958f22723a3cc6c71d55ac018121382de42fbfc7970d5ae3e7819dbe5f40e1c6a5174aedf7e7964e9cb8fa72b580b0
  languageName: node
  linkType: hard

"@types/ws@npm:8.5.9":
  version: 8.5.9
  resolution: "@types/ws@npm:8.5.9"
  dependencies:
    "@types/node": "npm:*"
  checksum: 10c0/678bdd6461c4653f2975c537fb673cb1918c331558e2d2422b69761c9ced67200bb07c664e2593f3864077a891cb7c13ef2a40d303b4aacb06173d095d8aa3ce
  languageName: node
  linkType: hard

"@types/ws@npm:^8.5.9":
  version: 8.5.10
  resolution: "@types/ws@npm:8.5.10"
  dependencies:
    "@types/node": "npm:*"
  checksum: 10c0/e9af279b984c4a04ab53295a40aa95c3e9685f04888df5c6920860d1dd073fcc57c7bd33578a04b285b2c655a0b52258d34bee0a20569dca8defb8393e1e5d29
  languageName: node
  linkType: hard

"@vladfrangu/async_event_emitter@npm:^2.2.2":
  version: 2.2.4
  resolution: "@vladfrangu/async_event_emitter@npm:2.2.4"
  checksum: 10c0/0f17294f0f4458b0e71cdf0b3e10d0e9ceedfd0d6fe3a846d3033e2644659323bf31de3b025f67eead507d367d27054e4f4976fd4fa7fec716000e32ab853822
  languageName: node
  linkType: hard

"callsites@npm:^3.1.0":
  version: 3.1.0
  resolution: "callsites@npm:3.1.0"
  checksum: 10c0/fff92277400eb06c3079f9e74f3af120db9f8ea03bad0e84d9aede54bbe2d44a56cccb5f6cf12211f93f52306df87077ecec5b712794c5a9b5dac6d615a3f301
  languageName: node
  linkType: hard

"canvacord@npm:^5.4.10":
  version: 5.4.10
  resolution: "canvacord@npm:5.4.10"
  dependencies:
    "@napi-rs/canvas": "npm:^0.1.29"
    "@skyra/gifenc": "npm:^1.0.0"
    chalk: "npm:^5.0.1"
    moment: "npm:^2.29.4"
    moment-duration-format: "npm:^2.3.2"
    node-fetch: "npm:2.6.7"
  bin:
    canvacord: bin/canvacord.js
  checksum: 10c0/e99af2b431e6cbc6b2d0923fd52c171a91360b2898087b6e8f370c3f1e4f80ede4f2d7e79f2d6b2cf00085f178f1d5ff9418010a336b7180bc890723507839cf
  languageName: node
  linkType: hard

"chalk@npm:^5.0.1":
  version: 5.3.0
  resolution: "chalk@npm:5.3.0"
  checksum: 10c0/8297d436b2c0f95801103ff2ef67268d362021b8210daf8ddbe349695333eb3610a71122172ff3b0272f1ef2cf7cc2c41fdaa4715f52e49ffe04c56340feed09
  languageName: node
  linkType: hard

"discord-api-types@npm:0.37.61":
  version: 0.37.61
  resolution: "discord-api-types@npm:0.37.61"
  checksum: 10c0/ce3d28df71df26fbd32f7a13c8b5c77ff3f9ad3612e8bbd44236a498388b73e34e39e1c5f6c4652950a1f54024f934275e0f10e49c2dcf3aafe58a1eb3776b74
  languageName: node
  linkType: hard

"discord.js@npm:latest":
  version: 14.14.1
  resolution: "discord.js@npm:14.14.1"
  dependencies:
    "@discordjs/builders": "npm:^1.7.0"
    "@discordjs/collection": "npm:1.5.3"
    "@discordjs/formatters": "npm:^0.3.3"
    "@discordjs/rest": "npm:^2.1.0"
    "@discordjs/util": "npm:^1.0.2"
    "@discordjs/ws": "npm:^1.0.2"
    "@sapphire/snowflake": "npm:3.5.1"
    "@types/ws": "npm:8.5.9"
    discord-api-types: "npm:0.37.61"
    fast-deep-equal: "npm:3.1.3"
    lodash.snakecase: "npm:4.1.1"
    tslib: "npm:2.6.2"
    undici: "npm:5.27.2"
    ws: "npm:8.14.2"
  checksum: 10c0/96fc27ea9752692404c18cdfb99594bb4af08b771886d12f26deb863c7c6cccd108e3fb91560fdcdae84138f7ca8c76d73cd52d11d5b0b4bd9a95f8804b32252
  languageName: node
  linkType: hard

"dotenv@npm:^16.3.1":
  version: 16.4.5
  resolution: "dotenv@npm:16.4.5"
  checksum: 10c0/48d92870076832af0418b13acd6e5a5a3e83bb00df690d9812e94b24aff62b88ade955ac99a05501305b8dc8f1b0ee7638b18493deb6fe93d680e5220936292f
  languageName: node
  linkType: hard

"fast-deep-equal@npm:3.1.3, fast-deep-equal@npm:^3.1.3":
  version: 3.1.3
  resolution: "fast-deep-equal@npm:3.1.3"
  checksum: 10c0/40dedc862eb8992c54579c66d914635afbec43350afbbe991235fdcb4e3a8d5af1b23ae7e79bef7d4882d0ecee06c3197488026998fb19f72dc95acff1d1b1d0
  languageName: node
  linkType: hard

"iti@npm:^0.6.0":
  version: 0.6.0
  resolution: "iti@npm:0.6.0"
  dependencies:
    utility-types: "npm:^3.10.0"
  checksum: 10c0/675d60710922c3cd738cb297563cf904b1e14aa30c7b1ff7455d3649af7b80ebcae5cf46dcd178a668377a662e4c61771ef8fba16daf576f0a2e47148b074629
  languageName: node
  linkType: hard

"lodash.snakecase@npm:4.1.1":
  version: 4.1.1
  resolution: "lodash.snakecase@npm:4.1.1"
  checksum: 10c0/f0b3f2497eb20eea1a1cfc22d645ecaeb78ac14593eb0a40057977606d2f35f7aaff0913a06553c783b535aafc55b718f523f9eb78f8d5293f492af41002eaf9
  languageName: node
  linkType: hard

"lodash@npm:^4.17.21":
  version: 4.17.21
  resolution: "lodash@npm:4.17.21"
  checksum: 10c0/d8cbea072bb08655bb4c989da418994b073a608dffa608b09ac04b43a791b12aeae7cd7ad919aa4c925f33b48490b5cfe6c1f71d827956071dae2e7bb3a6b74c
  languageName: node
  linkType: hard

"magic-bytes.js@npm:^1.5.0":
  version: 1.10.0
  resolution: "magic-bytes.js@npm:1.10.0"
  checksum: 10c0/aa751a9be6baa80da19b395a4c538e1dcf652a3760a2e507b9e04c4cb3832635b718f8a947e5b0a434a1b323792632002f98815b3389f0beb3af1c4d51eb339e
  languageName: node
  linkType: hard

"moment-duration-format@npm:^2.3.2":
  version: 2.3.2
  resolution: "moment-duration-format@npm:2.3.2"
  checksum: 10c0/c1783bdfaeb92400972845d62418b97bc38b53a85ecc222a36b4c2713fad64f628c70fa35834aa88487a6f4423fe02bfa08377506cfe217aeadcb86c19834da2
  languageName: node
  linkType: hard

"moment@npm:^2.29.4":
  version: 2.30.1
  resolution: "moment@npm:2.30.1"
  checksum: 10c0/865e4279418c6de666fca7786607705fd0189d8a7b7624e2e56be99290ac846f90878a6f602e34b4e0455c549b85385b1baf9966845962b313699e7cb847543a
  languageName: node
  linkType: hard

"node-fetch@npm:2.6.7":
  version: 2.6.7
  resolution: "node-fetch@npm:2.6.7"
  dependencies:
    whatwg-url: "npm:^5.0.0"
  peerDependencies:
    encoding: ^0.1.0
  peerDependenciesMeta:
    encoding:
      optional: true
  checksum: 10c0/fcae80f5ac52fbf5012f5e19df2bd3915e67d3b3ad51cb5942943df2238d32ba15890fecabd0e166876a9f98a581ab50f3f10eb942b09405c49ef8da36b826c7
  languageName: node
  linkType: hard

"prisma@npm:5.2.0":
  version: 5.2.0
  resolution: "prisma@npm:5.2.0"
  dependencies:
    "@prisma/engines": "npm:5.2.0"
  bin:
    prisma: build/index.js
  checksum: 10c0/213f222ef30dfb3f74a5be095087c6a2dd3cdaf4a66f887be38636541499bd5b5fe2400d0746bd90017ac0845fe352bea695bae9f12c11add87d336bbe0377fc
  languageName: node
  linkType: hard

"rxjs@npm:^7.8.0":
  version: 7.8.1
  resolution: "rxjs@npm:7.8.1"
  dependencies:
    tslib: "npm:^2.1.0"
  checksum: 10c0/3c49c1ecd66170b175c9cacf5cef67f8914dcbc7cd0162855538d365c83fea631167cacb644b3ce533b2ea0e9a4d0b12175186985f89d75abe73dbd8f7f06f68
  languageName: node
  linkType: hard

"storm-levels@workspace:.":
  version: 0.0.0-use.local
  resolution: "storm-levels@workspace:."
  dependencies:
    "@prisma/client": "npm:5.2.0"
    "@sapphire/lexure": "npm:^1.1.7"
    "@sern/handler": "npm:^3.0.3"
    "@types/node": "npm:^17.0.25"
    canvacord: "npm:^5.4.10"
    discord.js: "npm:latest"
    dotenv: "npm:^16.3.1"
    prisma: "npm:5.2.0"
    typescript: "npm:5.0"
  languageName: unknown
  linkType: soft

"tr46@npm:~0.0.3":
  version: 0.0.3
  resolution: "tr46@npm:0.0.3"
  checksum: 10c0/047cb209a6b60c742f05c9d3ace8fa510bff609995c129a37ace03476a9b12db4dbf975e74600830ef0796e18882b2381fb5fb1f6b4f96b832c374de3ab91a11
  languageName: node
  linkType: hard

"ts-mixer@npm:^6.0.3":
  version: 6.0.4
  resolution: "ts-mixer@npm:6.0.4"
  checksum: 10c0/4c442fc99cdffd4a3f0ce55c624fb703f4ded5cab6912f97705489565c4a74d3e4213f10c33499ec5150900a628d38537a9a6a9e35b5045b65129a84b4db21ae
  languageName: node
  linkType: hard

"ts-results-es@npm:^4.0.0":
  version: 4.1.0
  resolution: "ts-results-es@npm:4.1.0"
  checksum: 10c0/8cd576edacc885695f95f0577e665ccbe1806c6cacc88fe2ccc0b8fcd37e440b507940c574a6cfb167b575f1bf245583d66164a091e9a6122cbf33c8943df9d5
  languageName: node
  linkType: hard

"tslib@npm:2.6.2, tslib@npm:^2.1.0, tslib@npm:^2.4.0, tslib@npm:^2.6.2":
  version: 2.6.2
  resolution: "tslib@npm:2.6.2"
  checksum: 10c0/e03a8a4271152c8b26604ed45535954c0a45296e32445b4b87f8a5abdb2421f40b59b4ca437c4346af0f28179780d604094eb64546bee2019d903d01c6c19bdb
  languageName: node
  linkType: hard

"typescript@npm:5.0":
  version: 5.0.4
  resolution: "typescript@npm:5.0.4"
  bin:
    tsc: bin/tsc
    tsserver: bin/tsserver
  checksum: 10c0/2f5bd1cead194905957cb34e220b1d6ff1662399adef8ec1864f74620922d860ee35b6e50eafb3b636ea6fd437195e454e1146cb630a4236b5095ed7617395c2
  languageName: node
  linkType: hard

"typescript@patch:typescript@npm%3A5.0#optional!builtin<compat/typescript>":
  version: 5.0.4
  resolution: "typescript@patch:typescript@npm%3A5.0.4#optional!builtin<compat/typescript>::version=5.0.4&hash=b5f058"
  bin:
    tsc: bin/tsc
    tsserver: bin/tsserver
  checksum: 10c0/c3f7b80577bddf6fab202a7925131ac733bfc414aec298c2404afcddc7a6f242cfa8395cf2d48192265052e11a7577c27f6e5fac8d8fe6a6602023c83d6b3292
  languageName: node
  linkType: hard

"undici-types@npm:~5.26.4":
  version: 5.26.5
  resolution: "undici-types@npm:5.26.5"
  checksum: 10c0/bb673d7876c2d411b6eb6c560e0c571eef4a01c1c19925175d16e3a30c4c428181fb8d7ae802a261f283e4166a0ac435e2f505743aa9e45d893f9a3df017b501
  languageName: node
  linkType: hard

"undici@npm:5.27.2":
  version: 5.27.2
  resolution: "undici@npm:5.27.2"
  dependencies:
    "@fastify/busboy": "npm:^2.0.0"
  checksum: 10c0/0cb62c57edc938f242c116e41fb2a74f81ed20e7e2e554cf1ceae548520df0592385b53d444f8cf59e1e10e6b27acd153198d8a2353b3040d0a778a099aac92c
  languageName: node
  linkType: hard

"utility-types@npm:^3.10.0":
  version: 3.11.0
  resolution: "utility-types@npm:3.11.0"
  checksum: 10c0/2f1580137b0c3e6cf5405f37aaa8f5249961a76d26f1ca8efc0ff49a2fc0e0b2db56de8e521a174d075758e0c7eb3e590edec0832eb44478b958f09914920f19
  languageName: node
  linkType: hard

"webidl-conversions@npm:^3.0.0":
  version: 3.0.1
  resolution: "webidl-conversions@npm:3.0.1"
  checksum: 10c0/5612d5f3e54760a797052eb4927f0ddc01383550f542ccd33d5238cfd65aeed392a45ad38364970d0a0f4fea32e1f4d231b3d8dac4a3bdd385e5cf802ae097db
  languageName: node
  linkType: hard

"whatwg-url@npm:^5.0.0":
  version: 5.0.0
  resolution: "whatwg-url@npm:5.0.0"
  dependencies:
    tr46: "npm:~0.0.3"
    webidl-conversions: "npm:^3.0.0"
  checksum: 10c0/1588bed84d10b72d5eec1d0faa0722ba1962f1821e7539c535558fb5398d223b0c50d8acab950b8c488b4ba69043fd833cc2697056b167d8ad46fac3995a55d5
  languageName: node
  linkType: hard

"ws@npm:8.14.2":
  version: 8.14.2
  resolution: "ws@npm:8.14.2"
  peerDependencies:
    bufferutil: ^4.0.1
    utf-8-validate: ">=5.0.2"
  peerDependenciesMeta:
    bufferutil:
      optional: true
    utf-8-validate:
      optional: true
  checksum: 10c0/35b4c2da048b8015c797fd14bcb5a5766216ce65c8a5965616a5440ca7b6c3681ee3cbd0ea0c184a59975556e9d58f2002abf8485a14d11d3371770811050a16
  languageName: node
  linkType: hard

"ws@npm:^8.14.2":
  version: 8.16.0
  resolution: "ws@npm:8.16.0"
  peerDependencies:
    bufferutil: ^4.0.1
    utf-8-validate: ">=5.0.2"
  peerDependenciesMeta:
    bufferutil:
      optional: true
    utf-8-validate:
      optional: true
  checksum: 10c0/a7783bb421c648b1e622b423409cb2a58ac5839521d2f689e84bc9dc41d59379c692dd405b15a997ea1d4c0c2e5314ad707332d0c558f15232d2bc07c0b4618a
  languageName: node
  linkType: hard
